
Microsoft Visual Studio Solution File, Format Version 12.00
# Visual Studio Version 17
VisualStudioVersion = 17.8.34330.188
MinimumVisualStudioVersion = 10.0.40219.1
Project("{FAE04EC0-301F-11D3-BF4B-00C04F79EFBC}") = "Course", "Course.csproj", "{14EBE2AF-0E16-4981-AF1E-151E6840ED3E}"
EndProject
Global
	GlobalSection(SolutionConfigurationPlatforms) = preSolution
		Debug|Any CPU = Debug|Any CPU
		Release|Any CPU = Release|Any CPU
	EndGlobalSection
	GlobalSection(ProjectConfigurationPlatforms) = postSolution
		{14EBE2AF-0E16-4981-AF1E-151E6840ED3E}.Debug|Any CPU.ActiveCfg = Debug|Any CPU
		{14EBE2AF-0E16-4981-AF1E-151E6840ED3E}.Debug|Any CPU.Build.0 = Debug|Any CPU
		{14EBE2AF-0E16-4981-AF1E-151E6840ED3E}.Release|Any CPU.ActiveCfg = Release|Any CPU
		{14EBE2AF-0E16-4981-AF1E-151E6840ED3E}.Release|Any CPU.Build.0 = Release|Any CPU
	EndGlobalSection
	GlobalSection(SolutionProperties) = preSolution
		HideSolutionNode = FALSE
	EndGlobalSection
	GlobalSection(ExtensibilityGlobals) = postSolution
		SolutionGuid = {E3AA1BFF-84E2-4FAC-8140-BDE8499573DB}
	EndGlobalSection
EndGlobal
