
Microsoft Visual Studio Solution File, Format Version 12.00
# Visual Studio Version 17
VisualStudioVersion = 17.8.34408.163
MinimumVisualStudioVersion = 10.0.40219.1
Project("{FAE04EC0-301F-11D3-BF4B-00C04F79EFBC}") = "Alfadega", "Alfadega.csproj", "{D8E2CF65-2617-4CD8-B994-35BAC0E1EB36}"
EndProject
Global
	GlobalSection(SolutionConfigurationPlatforms) = preSolution
		Debug|Any CPU = Debug|Any CPU
		Release|Any CPU = Release|Any CPU
	EndGlobalSection
	GlobalSection(ProjectConfigurationPlatforms) = postSolution
		{D8E2CF65-2617-4CD8-B994-35BAC0E1EB36}.Debug|Any CPU.ActiveCfg = Debug|Any CPU
		{D8E2CF65-2617-4CD8-B994-35BAC0E1EB36}.Debug|Any CPU.Build.0 = Debug|Any CPU
		{D8E2CF65-2617-4CD8-B994-35BAC0E1EB36}.Release|Any CPU.ActiveCfg = Release|Any CPU
		{D8E2CF65-2617-4CD8-B994-35BAC0E1EB36}.Release|Any CPU.Build.0 = Release|Any CPU
	EndGlobalSection
	GlobalSection(SolutionProperties) = preSolution
		HideSolutionNode = FALSE
	EndGlobalSection
	GlobalSection(ExtensibilityGlobals) = postSolution
		SolutionGuid = {DEF59047-646E-4DEF-9B83-AEFF25E21939}
	EndGlobalSection
EndGlobal
