
Microsoft Visual Studio Solution File, Format Version 12.00
# Visual Studio Version 17
VisualStudioVersion = 17.7.34031.279
MinimumVisualStudioVersion = 10.0.40219.1
Project("{FAE04EC0-301F-11D3-BF4B-00C04F79EFBC}") = "MembroEstatico", "MembroEstatico\MembroEstatico.csproj", "{6900D7D8-4608-437E-AC7A-F6D240A43DD9}"
EndProject
Global
	GlobalSection(SolutionConfigurationPlatforms) = preSolution
		Debug|Any CPU = Debug|Any CPU
		Release|Any CPU = Release|Any CPU
	EndGlobalSection
	GlobalSection(ProjectConfigurationPlatforms) = postSolution
		{6900D7D8-4608-437E-AC7A-F6D240A43DD9}.Debug|Any CPU.ActiveCfg = Debug|Any CPU
		{6900D7D8-4608-437E-AC7A-F6D240A43DD9}.Debug|Any CPU.Build.0 = Debug|Any CPU
		{6900D7D8-4608-437E-AC7A-F6D240A43DD9}.Release|Any CPU.ActiveCfg = Release|Any CPU
		{6900D7D8-4608-437E-AC7A-F6D240A43DD9}.Release|Any CPU.Build.0 = Release|Any CPU
	EndGlobalSection
	GlobalSection(SolutionProperties) = preSolution
		HideSolutionNode = FALSE
	EndGlobalSection
	GlobalSection(ExtensibilityGlobals) = postSolution
		SolutionGuid = {8FA17041-1C7C-4BEB-9B33-18821C5C19F5}
	EndGlobalSection
EndGlobal
