
Microsoft Visual Studio Solution File, Format Version 12.00
# Visual Studio Version 17
VisualStudioVersion = 17.8.34316.72
MinimumVisualStudioVersion = 10.0.40219.1
Project("{FAE04EC0-301F-11D3-BF4B-00C04F79EFBC}") = "Vetor", "Vetor\Vetor.csproj", "{6FA4B609-A36F-493F-8863-9CC9A798FB14}"
EndProject
Global
	GlobalSection(SolutionConfigurationPlatforms) = preSolution
		Debug|Any CPU = Debug|Any CPU
		Release|Any CPU = Release|Any CPU
	EndGlobalSection
	GlobalSection(ProjectConfigurationPlatforms) = postSolution
		{6FA4B609-A36F-493F-8863-9CC9A798FB14}.Debug|Any CPU.ActiveCfg = Debug|Any CPU
		{6FA4B609-A36F-493F-8863-9CC9A798FB14}.Debug|Any CPU.Build.0 = Debug|Any CPU
		{6FA4B609-A36F-493F-8863-9CC9A798FB14}.Release|Any CPU.ActiveCfg = Release|Any CPU
		{6FA4B609-A36F-493F-8863-9CC9A798FB14}.Release|Any CPU.Build.0 = Release|Any CPU
	EndGlobalSection
	GlobalSection(SolutionProperties) = preSolution
		HideSolutionNode = FALSE
	EndGlobalSection
	GlobalSection(ExtensibilityGlobals) = postSolution
		SolutionGuid = {4B5E9E58-5F96-42FC-876E-D04BEC56C18F}
	EndGlobalSection
EndGlobal
