
Microsoft Visual Studio Solution File, Format Version 12.00
# Visual Studio Version 17
VisualStudioVersion = 17.8.34330.188
MinimumVisualStudioVersion = 10.0.40219.1
Project("{FAE04EC0-301F-11D3-BF4B-00C04F79EFBC}") = "Course", "Course.csproj", "{B12E94A0-292A-4840-A2A4-E6B430BBB46C}"
EndProject
Global
	GlobalSection(SolutionConfigurationPlatforms) = preSolution
		Debug|Any CPU = Debug|Any CPU
		Release|Any CPU = Release|Any CPU
	EndGlobalSection
	GlobalSection(ProjectConfigurationPlatforms) = postSolution
		{B12E94A0-292A-4840-A2A4-E6B430BBB46C}.Debug|Any CPU.ActiveCfg = Debug|Any CPU
		{B12E94A0-292A-4840-A2A4-E6B430BBB46C}.Debug|Any CPU.Build.0 = Debug|Any CPU
		{B12E94A0-292A-4840-A2A4-E6B430BBB46C}.Release|Any CPU.ActiveCfg = Release|Any CPU
		{B12E94A0-292A-4840-A2A4-E6B430BBB46C}.Release|Any CPU.Build.0 = Release|Any CPU
	EndGlobalSection
	GlobalSection(SolutionProperties) = preSolution
		HideSolutionNode = FALSE
	EndGlobalSection
	GlobalSection(ExtensibilityGlobals) = postSolution
		SolutionGuid = {2EABBED3-E8B2-4900-9F39-2DB855CE184A}
	EndGlobalSection
EndGlobal
